// !$*UTF8*$!
{
	archiveVersion = 1;
	classes = {
	};
	objectVersion = 50;
	objects = {

/* Begin PBXBuildFile section */
		83AF2F05262F796E00978EB7 /* AppDelegate.swift in Sources */ = {isa = PBXBuildFile; fileRef = 83AF2F04262F796E00978EB7 /* AppDelegate.swift */; };
		83AF2F07262F796E00978EB7 /* SceneDelegate.swift in Sources */ = {isa = PBXBuildFile; fileRef = 83AF2F06262F796E00978EB7 /* SceneDelegate.swift */; };
		83AF2F09262F796E00978EB7 /* ViewController.swift in Sources */ = {isa = PBXBuildFile; fileRef = 83AF2F08262F796E00978EB7 /* ViewController.swift */; };
		83AF2F0C262F796E00978EB7 /* Main.storyboard in Resources */ = {isa = PBXBuildFile; fileRef = 83AF2F0A262F796E00978EB7 /* Main.storyboard */; };
		83AF2F0E262F796F00978EB7 /* Assets.xcassets in Resources */ = {isa = PBXBuildFile; fileRef = 83AF2F0D262F796F00978EB7 /* Assets.xcassets */; };
		83AF2F11262F796F00978EB7 /* LaunchScreen.storyboard in Resources */ = {isa = PBXBuildFile; fileRef = 83AF2F0F262F796F00978EB7 /* LaunchScreen.storyboard */; };
		83AF2F1C262F797000978EB7 /* RickAndMortyTests.swift in Sources */ = {isa = PBXBuildFile; fileRef = 83AF2F1B262F797000978EB7 /* RickAndMortyTests.swift */; };
		83AF2F27262F797000978EB7 /* RickAndMortyUITests.swift in Sources */ = {isa = PBXBuildFile; fileRef = 83AF2F26262F797000978EB7 /* RickAndMortyUITests.swift */; };
/* End PBXBuildFile section */

/* Begin PBXContainerItemProxy section */
		83AF2F18262F797000978EB7 /* PBXContainerItemProxy */ = {
			isa = PBXContainerItemProxy;
			containerPortal = 83AF2EF9262F796E00978EB7 /* Project object */;
			proxyType = 1;
			remoteGlobalIDString = 83AF2F00262F796E00978EB7;
			remoteInfo = RickAndMorty;
		};
		83AF2F23262F797000978EB7 /* PBXContainerItemProxy */ = {
			isa = PBXContainerItemProxy;
			containerPortal = 83AF2EF9262F796E00978EB7 /* Project object */;
			proxyType = 1;
			remoteGlobalIDString = 83AF2F00262F796E00978EB7;
			remoteInfo = RickAndMorty;
		};
/* End PBXContainerItemProxy section */

/* Begin PBXFileReference section */
		83AF2F01262F796E00978EB7 /* RickAndMorty.app */ = {isa = PBXFileReference; explicitFileType = wrapper.application; includeInIndex = 0; path = RickAndMorty.app; sourceTree = BUILT_PRODUCTS_DIR; };
		83AF2F04262F796E00978EB7 /* AppDelegate.swift */ = {isa = PBXFileReference; lastKnownFileType = sourcecode.swift; path = AppDelegate.swift; sourceTree = "<group>"; };
		83AF2F06262F796E00978EB7 /* SceneDelegate.swift */ = {isa = PBXFileReference; lastKnownFileType = sourcecode.swift; path = SceneDelegate.swift; sourceTree = "<group>"; };
		83AF2F08262F796E00978EB7 /* ViewController.swift */ = {isa = PBXFileReference; lastKnownFileType = sourcecode.swift; path = ViewController.swift; sourceTree = "<group>"; };
		83AF2F0B262F796E00978EB7 /* Base */ = {isa = PBXFileReference; lastKnownFileType = file.storyboard; name = Base; path = Base.lproj/Main.storyboard; sourceTree = "<group>"; };
		83AF2F0D262F796F00978EB7 /* Assets.xcassets */ = {isa = PBXFileReference; lastKnownFileType = folder.assetcatalog; path = Assets.xcassets; sourceTree = "<group>"; };
		83AF2F10262F796F00978EB7 /* Base */ = {isa = PBXFileReference; lastKnownFileType = file.storyboard; name = Base; path = Base.lproj/LaunchScreen.storyboard; sourceTree = "<group>"; };
		83AF2F12262F796F00978EB7 /* Info.plist */ = {isa = PBXFileReference; lastKnownFileType = text.plist.xml; path = Info.plist; sourceTree = "<group>"; };
		83AF2F17262F797000978EB7 /* RickAndMortyTests.xctest */ = {isa = PBXFileReference; explicitFileType = wrapper.cfbundle; includeInIndex = 0; path = RickAndMortyTests.xctest; sourceTree = BUILT_PRODUCTS_DIR; };
		83AF2F1B262F797000978EB7 /* RickAndMortyTests.swift */ = {isa = PBXFileReference; lastKnownFileType = sourcecode.swift; path = RickAndMortyTests.swift; sourceTree = "<group>"; };
		83AF2F1D262F797000978EB7 /* Info.plist */ = {isa = PBXFileReference; lastKnownFileType = text.plist.xml; path = Info.plist; sourceTree = "<group>"; };
		83AF2F22262F797000978EB7 /* RickAndMortyUITests.xctest */ = {isa = PBXFileReference; explicitFileType = wrapper.cfbundle; includeInIndex = 0; path = RickAndMortyUITests.xctest; sourceTree = BUILT_PRODUCTS_DIR; };
		83AF2F26262F797000978EB7 /* RickAndMortyUITests.swift */ = {isa = PBXFileReference; lastKnownFileType = sourcecode.swift; path = RickAndMortyUITests.swift; sourceTree = "<group>"; };
		83AF2F28262F797000978EB7 /* Info.plist */ = {isa = PBXFileReference; lastKnownFileType = text.plist.xml; path = Info.plist; sourceTree = "<group>"; };
/* End PBXFileReference section */

/* Begin PBXFrameworksBuildPhase section */
		83AF2EFE262F796E00978EB7 /* Frameworks */ = {
			isa = PBXFrameworksBuildPhase;
			buildActionMask = 2147483647;
			files = (
			);
			runOnlyForDeploymentPostprocessing = 0;
		};
		83AF2F14262F797000978EB7 /* Frameworks */ = {
			isa = PBXFrameworksBuildPhase;
			buildActionMask = 2147483647;
			files = (
			);
			runOnlyForDeploymentPostprocessing = 0;
		};
		83AF2F1F262F797000978EB7 /* Frameworks */ = {
			isa = PBXFrameworksBuildPhase;
			buildActionMask = 2147483647;
			files = (
			);
			runOnlyForDeploymentPostprocessing = 0;
		};
/* End PBXFrameworksBuildPhase section */

/* Begin PBXGroup section */
		83AF2EF8262F796E00978EB7 = {
			isa = PBXGroup;
			children = (
				83AF2F03262F796E00978EB7 /* RickAndMorty */,
				83AF2F1A262F797000978EB7 /* RickAndMortyTests */,
				83AF2F25262F797000978EB7 /* RickAndMortyUITests */,
				83AF2F02262F796E00978EB7 /* Products */,
			);
			sourceTree = "<group>";
		};
		83AF2F02262F796E00978EB7 /* Products */ = {
			isa = PBXGroup;
			children = (
				83AF2F01262F796E00978EB7 /* RickAndMorty.app */,
				83AF2F17262F797000978EB7 /* RickAndMortyTests.xctest */,
				83AF2F22262F797000978EB7 /* RickAndMortyUITests.xctest */,
			);
			name = Products;
			sourceTree = "<group>";
		};
		83AF2F03262F796E00978EB7 /* RickAndMorty */ = {
			isa = PBXGroup;
			children = (
				83AF2F04262F796E00978EB7 /* AppDelegate.swift */,
				83AF2F06262F796E00978EB7 /* SceneDelegate.swift */,
				83AF2F08262F796E00978EB7 /* ViewController.swift */,
				83AF2F0A262F796E00978EB7 /* Main.storyboard */,
				83AF2F0D262F796F00978EB7 /* Assets.xcassets */,
				83AF2F0F262F796F00978EB7 /* LaunchScreen.storyboard */,
				83AF2F12262F796F00978EB7 /* Info.plist */,
			);
			path = RickAndMorty;
			sourceTree = "<group>";
		};
		83AF2F1A262F797000978EB7 /* RickAndMortyTests */ = {
			isa = PBXGroup;
			children = (
				83AF2F1B262F797000978EB7 /* RickAndMortyTests.swift */,
				83AF2F1D262F797000978EB7 /* Info.plist */,
			);
			path = RickAndMortyTests;
			sourceTree = "<group>";
		};
		83AF2F25262F797000978EB7 /* RickAndMortyUITests */ = {
			isa = PBXGroup;
			children = (
				83AF2F26262F797000978EB7 /* RickAndMortyUITests.swift */,
				83AF2F28262F797000978EB7 /* Info.plist */,
			);
			path = RickAndMortyUITests;
			sourceTree = "<group>";
		};
/* End PBXGroup section */

/* Begin PBXNativeTarget section */
		83AF2F00262F796E00978EB7 /* RickAndMorty */ = {
			isa = PBXNativeTarget;
			buildConfigurationList = 83AF2F2B262F797000978EB7 /* Build configuration list for PBXNativeTarget "RickAndMorty" */;
			buildPhases = (
				83AF2EFD262F796E00978EB7 /* Sources */,
				83AF2EFE262F796E00978EB7 /* Frameworks */,
				83AF2EFF262F796E00978EB7 /* Resources */,
			);
			buildRules = (
			);
			dependencies = (
			);
			name = RickAndMorty;
			productName = RickAndMorty;
			productReference = 83AF2F01262F796E00978EB7 /* RickAndMorty.app */;
			productType = "com.apple.product-type.application";
		};
		83AF2F16262F797000978EB7 /* RickAndMortyTests */ = {
			isa = PBXNativeTarget;
			buildConfigurationList = 83AF2F2E262F797000978EB7 /* Build configuration list for PBXNativeTarget "RickAndMortyTests" */;
			buildPhases = (
				83AF2F13262F797000978EB7 /* Sources */,
				83AF2F14262F797000978EB7 /* Frameworks */,
				83AF2F15262F797000978EB7 /* Resources */,
			);
			buildRules = (
			);
			dependencies = (
				83AF2F19262F797000978EB7 /* PBXTargetDependency */,
			);
			name = RickAndMortyTests;
			productName = RickAndMortyTests;
			productReference = 83AF2F17262F797000978EB7 /* RickAndMortyTests.xctest */;
			productType = "com.apple.product-type.bundle.unit-test";
		};
		83AF2F21262F797000978EB7 /* RickAndMortyUITests */ = {
			isa = PBXNativeTarget;
			buildConfigurationList = 83AF2F31262F797000978EB7 /* Build configuration list for PBXNativeTarget "RickAndMortyUITests" */;
			buildPhases = (
				83AF2F1E262F797000978EB7 /* Sources */,
				83AF2F1F262F797000978EB7 /* Frameworks */,
				83AF2F20262F797000978EB7 /* Resources */,
			);
			buildRules = (
			);
			dependencies = (
				83AF2F24262F797000978EB7 /* PBXTargetDependency */,
			);
			name = RickAndMortyUITests;
			productName = RickAndMortyUITests;
			productReference = 83AF2F22262F797000978EB7 /* RickAndMortyUITests.xctest */;
			productType = "com.apple.product-type.bundle.ui-testing";
		};
/* End PBXNativeTarget section */

/* Begin PBXProject section */
		83AF2EF9262F796E00978EB7 /* Project object */ = {
			isa = PBXProject;
			attributes = {
				LastSwiftUpdateCheck = 1240;
				LastUpgradeCheck = 1240;
				TargetAttributes = {
					83AF2F00262F796E00978EB7 = {
						CreatedOnToolsVersion = 12.4;
					};
					83AF2F16262F797000978EB7 = {
						CreatedOnToolsVersion = 12.4;
						TestTargetID = 83AF2F00262F796E00978EB7;
					};
					83AF2F21262F797000978EB7 = {
						CreatedOnToolsVersion = 12.4;
						TestTargetID = 83AF2F00262F796E00978EB7;
					};
				};
			};
			buildConfigurationList = 83AF2EFC262F796E00978EB7 /* Build configuration list for PBXProject "RickAndMorty" */;
			compatibilityVersion = "Xcode 9.3";
			developmentRegion = en;
			hasScannedForEncodings = 0;
			knownRegions = (
				en,
				Base,
			);
			mainGroup = 83AF2EF8262F796E00978EB7;
			productRefGroup = 83AF2F02262F796E00978EB7 /* Products */;
			projectDirPath = "";
			projectRoot = "";
			targets = (
				83AF2F00262F796E00978EB7 /* RickAndMorty */,
				83AF2F16262F797000978EB7 /* RickAndMortyTests */,
				83AF2F21262F797000978EB7 /* RickAndMortyUITests */,
			);
		};
/* End PBXProject section */

/* Begin PBXResourcesBuildPhase section */
		83AF2EFF262F796E00978EB7 /* Resources */ = {
			isa = PBXResourcesBuildPhase;
			buildActionMask = 2147483647;
			files = (
				83AF2F11262F796F00978EB7 /* LaunchScreen.storyboard in Resources */,
				83AF2F0E262F796F00978EB7 /* Assets.xcassets in Resources */,
				83AF2F0C262F796E00978EB7 /* Main.storyboard in Resources */,
			);
			runOnlyForDeploymentPostprocessing = 0;
		};
		83AF2F15262F797000978EB7 /* Resources */ = {
			isa = PBXResourcesBuildPhase;
			buildActionMask = 2147483647;
			files = (
			);
			runOnlyForDeploymentPostprocessing = 0;
		};
		83AF2F20262F797000978EB7 /* Resources */ = {
			isa = PBXResourcesBuildPhase;
			buildActionMask = 2147483647;
			files = (
			);
			runOnlyForDeploymentPostprocessing = 0;
		};
/* End PBXResourcesBuildPhase section */

/* Begin PBXSourcesBuildPhase section */
		83AF2EFD262F796E00978EB7 /* Sources */ = {
			isa = PBXSourcesBuildPhase;
			buildActionMask = 2147483647;
			files = (
				83AF2F09262F796E00978EB7 /* ViewController.swift in Sources */,
				83AF2F05262F796E00978EB7 /* AppDelegate.swift in Sources */,
				83AF2F07262F796E00978EB7 /* SceneDelegate.swift in Sources */,
			);
			runOnlyForDeploymentPostprocessing = 0;
		};
		83AF2F13262F797000978EB7 /* Sources */ = {
			isa = PBXSourcesBuildPhase;
			buildActionMask = 2147483647;
			files = (
				83AF2F1C262F797000978EB7 /* RickAndMortyTests.swift in Sources */,
			);
			runOnlyForDeploymentPostprocessing = 0;
		};
		83AF2F1E262F797000978EB7 /* Sources */ = {
			isa = PBXSourcesBuildPhase;
			buildActionMask = 2147483647;
			files = (
				83AF2F27262F797000978EB7 /* RickAndMortyUITests.swift in Sources */,
			);
			runOnlyForDeploymentPostprocessing = 0;
		};
/* End PBXSourcesBuildPhase section */

/* Begin PBXTargetDependency section */
		83AF2F19262F797000978EB7 /* PBXTargetDependency */ = {
			isa = PBXTargetDependency;
			target = 83AF2F00262F796E00978EB7 /* RickAndMorty */;
			targetProxy = 83AF2F18262F797000978EB7 /* PBXContainerItemProxy */;
		};
		83AF2F24262F797000978EB7 /* PBXTargetDependency */ = {
			isa = PBXTargetDependency;
			target = 83AF2F00262F796E00978EB7 /* RickAndMorty */;
			targetProxy = 83AF2F23262F797000978EB7 /* PBXContainerItemProxy */;
		};
/* End PBXTargetDependency section */

/* Begin PBXVariantGroup section */
		83AF2F0A262F796E00978EB7 /* Main.storyboard */ = {
			isa = PBXVariantGroup;
			children = (
				83AF2F0B262F796E00978EB7 /* Base */,
			);
			name = Main.storyboard;
			sourceTree = "<group>";
		};
		83AF2F0F262F796F00978EB7 /* LaunchScreen.storyboard */ = {
			isa = PBXVariantGroup;
			children = (
				83AF2F10262F796F00978EB7 /* Base */,
			);
			name = LaunchScreen.storyboard;
			sourceTree = "<group>";
		};
/* End PBXVariantGroup section */

/* Begin XCBuildConfiguration section */
		83AF2F29262F797000978EB7 /* Debug */ = {
			isa = XCBuildConfiguration;
			buildSettings = {
				ALWAYS_SEARCH_USER_PATHS = NO;
				CLANG_ANALYZER_NONNULL = YES;
				CLANG_ANALYZER_NUMBER_OBJECT_CONVERSION = YES_AGGRESSIVE;
				CLANG_CXX_LANGUAGE_STANDARD = "gnu++14";
				CLANG_CXX_LIBRARY = "libc++";
				CLANG_ENABLE_MODULES = YES;
				CLANG_ENABLE_OBJC_ARC = YES;
				CLANG_ENABLE_OBJC_WEAK = YES;
				CLANG_WARN_BLOCK_CAPTURE_AUTORELEASING = YES;
				CLANG_WARN_BOOL_CONVERSION = YES;
				CLANG_WARN_COMMA = YES;
				CLANG_WARN_CONSTANT_CONVERSION = YES;
				CLANG_WARN_DEPRECATED_OBJC_IMPLEMENTATIONS = YES;
				CLANG_WARN_DIRECT_OBJC_ISA_USAGE = YES_ERROR;
				CLANG_WARN_DOCUMENTATION_COMMENTS = YES;
				CLANG_WARN_EMPTY_BODY = YES;
				CLANG_WARN_ENUM_CONVERSION = YES;
				CLANG_WARN_INFINITE_RECURSION = YES;
				CLANG_WARN_INT_CONVERSION = YES;
				CLANG_WARN_NON_LITERAL_NULL_CONVERSION = YES;
				CLANG_WARN_OBJC_IMPLICIT_RETAIN_SELF = YES;
				CLANG_WARN_OBJC_LITERAL_CONVERSION = YES;
				CLANG_WARN_OBJC_ROOT_CLASS = YES_ERROR;
				CLANG_WARN_QUOTED_INCLUDE_IN_FRAMEWORK_HEADER = YES;
				CLANG_WARN_RANGE_LOOP_ANALYSIS = YES;
				CLANG_WARN_STRICT_PROTOTYPES = YES;
				CLANG_WARN_SUSPICIOUS_MOVE = YES;
				CLANG_WARN_UNGUARDED_AVAILABILITY = YES_AGGRESSIVE;
				CLANG_WARN_UNREACHABLE_CODE = YES;
				CLANG_WARN__DUPLICATE_METHOD_MATCH = YES;
				COPY_PHASE_STRIP = NO;
				DEBUG_INFORMATION_FORMAT = dwarf;
				ENABLE_STRICT_OBJC_MSGSEND = YES;
				ENABLE_TESTABILITY = YES;
				GCC_C_LANGUAGE_STANDARD = gnu11;
				GCC_DYNAMIC_NO_PIC = NO;
				GCC_NO_COMMON_BLOCKS = YES;
				GCC_OPTIMIZATION_LEVEL = 0;
				GCC_PREPROCESSOR_DEFINITIONS = (
					"DEBUG=1",
					"$(inherited)",
				);
				GCC_WARN_64_TO_32_BIT_CONVERSION = YES;
				GCC_WARN_ABOUT_RETURN_TYPE = YES_ERROR;
				GCC_WARN_UNDECLARED_SELECTOR = YES;
				GCC_WARN_UNINITIALIZED_AUTOS = YES_AGGRESSIVE;
				GCC_WARN_UNUSED_FUNCTION = YES;
				GCC_WARN_UNUSED_VARIABLE = YES;
				IPHONEOS_DEPLOYMENT_TARGET = 14.4;
				MTL_ENABLE_DEBUG_INFO = INCLUDE_SOURCE;
				MTL_FAST_MATH = YES;
				ONLY_ACTIVE_ARCH = YES;
				SDKROOT = iphoneos;
				SWIFT_ACTIVE_COMPILATION_CONDITIONS = DEBUG;
				SWIFT_OPTIMIZATION_LEVEL = "-Onone";
			};
			name = Debug;
		};
		83AF2F2A262F797000978EB7 /* Release */ = {
			isa = XCBuildConfiguration;
			buildSettings = {
				ALWAYS_SEARCH_USER_PATHS = NO;
				CLANG_ANALYZER_NONNULL = YES;
				CLANG_ANALYZER_NUMBER_OBJECT_CONVERSION = YES_AGGRESSIVE;
				CLANG_CXX_LANGUAGE_STANDARD = "gnu++14";
				CLANG_CXX_LIBRARY = "libc++";
				CLANG_ENABLE_MODULES = YES;
				CLANG_ENABLE_OBJC_ARC = YES;
				CLANG_ENABLE_OBJC_WEAK = YES;
				CLANG_WARN_BLOCK_CAPTURE_AUTORELEASING = YES;
				CLANG_WARN_BOOL_CONVERSION = YES;
				CLANG_WARN_COMMA = YES;
				CLANG_WARN_CONSTANT_CONVERSION = YES;
				CLANG_WARN_DEPRECATED_OBJC_IMPLEMENTATIONS = YES;
				CLANG_WARN_DIRECT_OBJC_ISA_USAGE = YES_ERROR;
				CLANG_WARN_DOCUMENTATION_COMMENTS = YES;
				CLANG_WARN_EMPTY_BODY = YES;
				CLANG_WARN_ENUM_CONVERSION = YES;
				CLANG_WARN_INFINITE_RECURSION = YES;
				CLANG_WARN_INT_CONVERSION = YES;
				CLANG_WARN_NON_LITERAL_NULL_CONVERSION = YES;
				CLANG_WARN_OBJC_IMPLICIT_RETAIN_SELF = YES;
				CLANG_WARN_OBJC_LITERAL_CONVERSION = YES;
				CLANG_WARN_OBJC_ROOT_CLASS = YES_ERROR;
				CLANG_WARN_QUOTED_INCLUDE_IN_FRAMEWORK_HEADER = YES;
				CLANG_WARN_RANGE_LOOP_ANALYSIS = YES;
				CLANG_WARN_STRICT_PROTOTYPES = YES;
				CLANG_WARN_SUSPICIOUS_MOVE = YES;
				CLANG_WARN_UNGUARDED_AVAILABILITY = YES_AGGRESSIVE;
				CLANG_WARN_UNREACHABLE_CODE = YES;
				CLANG_WARN__DUPLICATE_METHOD_MATCH = YES;
				COPY_PHASE_STRIP = NO;
				DEBUG_INFORMATION_FORMAT = "dwarf-with-dsym";
				ENABLE_NS_ASSERTIONS = NO;
				ENABLE_STRICT_OBJC_MSGSEND = YES;
				GCC_C_LANGUAGE_STANDARD = gnu11;
				GCC_NO_COMMON_BLOCKS = YES;
				GCC_WARN_64_TO_32_BIT_CONVERSION = YES;
				GCC_WARN_ABOUT_RETURN_TYPE = YES_ERROR;
				GCC_WARN_UNDECLARED_SELECTOR = YES;
				GCC_WARN_UNINITIALIZED_AUTOS = YES_AGGRESSIVE;
				GCC_WARN_UNUSED_FUNCTION = YES;
				GCC_WARN_UNUSED_VARIABLE = YES;
				IPHONEOS_DEPLOYMENT_TARGET = 14.4;
				MTL_ENABLE_DEBUG_INFO = NO;
				MTL_FAST_MATH = YES;
				SDKROOT = iphoneos;
				SWIFT_COMPILATION_MODE = wholemodule;
				SWIFT_OPTIMIZATION_LEVEL = "-O";
				VALIDATE_PRODUCT = YES;
			};
			name = Release;
		};
		83AF2F2C262F797000978EB7 /* Debug */ = {
			isa = XCBuildConfiguration;
			buildSettings = {
				ASSETCATALOG_COMPILER_APPICON_NAME = AppIcon;
				ASSETCATALOG_COMPILER_GLOBAL_ACCENT_COLOR_NAME = AccentColor;
				CODE_SIGN_STYLE = Automatic;
				DEVELOPMENT_TEAM = 7C9T7K4LUL;
				INFOPLIST_FILE = RickAndMorty/Info.plist;
				LD_RUNPATH_SEARCH_PATHS = (
					"$(inherited)",
					"@executable_path/Frameworks",
				);
				PRODUCT_BUNDLE_IDENTIFIER = com.paul.RickAndMorty;
				PRODUCT_NAME = "$(TARGET_NAME)";
				SWIFT_VERSION = 5.0;
				TARGETED_DEVICE_FAMILY = "1,2";
			};
			name = Debug;
		};
		83AF2F2D262F797000978EB7 /* Release */ = {
			isa = XCBuildConfiguration;
			buildSettings = {
				ASSETCATALOG_COMPILER_APPICON_NAME = AppIcon;
				ASSETCATALOG_COMPILER_GLOBAL_ACCENT_COLOR_NAME = AccentColor;
				CODE_SIGN_STYLE = Automatic;
				DEVELOPMENT_TEAM = 7C9T7K4LUL;
				INFOPLIST_FILE = RickAndMorty/Info.plist;
				LD_RUNPATH_SEARCH_PATHS = (
					"$(inherited)",
					"@executable_path/Frameworks",
				);
				PRODUCT_BUNDLE_IDENTIFIER = com.paul.RickAndMorty;
				PRODUCT_NAME = "$(TARGET_NAME)";
				SWIFT_VERSION = 5.0;
				TARGETED_DEVICE_FAMILY = "1,2";
			};
			name = Release;
		};
		83AF2F2F262F797000978EB7 /* Debug */ = {
			isa = XCBuildConfiguration;
			buildSettings = {
				ALWAYS_EMBED_SWIFT_STANDARD_LIBRARIES = YES;
				BUNDLE_LOADER = "$(TEST_HOST)";
				CODE_SIGN_STYLE = Automatic;
				DEVELOPMENT_TEAM = 7C9T7K4LUL;
				INFOPLIST_FILE = RickAndMortyTests/Info.plist;
				IPHONEOS_DEPLOYMENT_TARGET = 14.4;
				LD_RUNPATH_SEARCH_PATHS = (
					"$(inherited)",
					"@executable_path/Frameworks",
					"@loader_path/Frameworks",
				);
				PRODUCT_BUNDLE_IDENTIFIER = com.paul.RickAndMortyTests;
				PRODUCT_NAME = "$(TARGET_NAME)";
				SWIFT_VERSION = 5.0;
				TARGETED_DEVICE_FAMILY = "1,2";
				TEST_HOST = "$(BUILT_PRODUCTS_DIR)/RickAndMorty.app/RickAndMorty";
			};
			name = Debug;
		};
		83AF2F30262F797000978EB7 /* Release */ = {
			isa = XCBuildConfiguration;
			buildSettings = {
				ALWAYS_EMBED_SWIFT_STANDARD_LIBRARIES = YES;
				BUNDLE_LOADER = "$(TEST_HOST)";
				CODE_SIGN_STYLE = Automatic;
				DEVELOPMENT_TEAM = 7C9T7K4LUL;
				INFOPLIST_FILE = RickAndMortyTests/Info.plist;
				IPHONEOS_DEPLOYMENT_TARGET = 14.4;
				LD_RUNPATH_SEARCH_PATHS = (
					"$(inherited)",
					"@executable_path/Frameworks",
					"@loader_path/Frameworks",
				);
				PRODUCT_BUNDLE_IDENTIFIER = com.paul.RickAndMortyTests;
				PRODUCT_NAME = "$(TARGET_NAME)";
				SWIFT_VERSION = 5.0;
				TARGETED_DEVICE_FAMILY = "1,2";
				TEST_HOST = "$(BUILT_PRODUCTS_DIR)/RickAndMorty.app/RickAndMorty";
			};
			name = Release;
		};
		83AF2F32262F797000978EB7 /* Debug */ = {
			isa = XCBuildConfiguration;
			buildSettings = {
				ALWAYS_EMBED_SWIFT_STANDARD_LIBRARIES = YES;
				CODE_SIGN_STYLE = Automatic;
				DEVELOPMENT_TEAM = 7C9T7K4LUL;
				INFOPLIST_FILE = RickAndMortyUITests/Info.plist;
				LD_RUNPATH_SEARCH_PATHS = (
					"$(inherited)",
					"@executable_path/Frameworks",
					"@loader_path/Frameworks",
				);
				PRODUCT_BUNDLE_IDENTIFIER = com.paul.RickAndMortyUITests;
				PRODUCT_NAME = "$(TARGET_NAME)";
				SWIFT_VERSION = 5.0;
				TARGETED_DEVICE_FAMILY = "1,2";
				TEST_TARGET_NAME = RickAndMorty;
			};
			name = Debug;
		};
		83AF2F33262F797000978EB7 /* Release */ = {
			isa = XCBuildConfiguration;
			buildSettings = {
				ALWAYS_EMBED_SWIFT_STANDARD_LIBRARIES = YES;
				CODE_SIGN_STYLE = Automatic;
				DEVELOPMENT_TEAM = 7C9T7K4LUL;
				INFOPLIST_FILE = RickAndMortyUITests/Info.plist;
				LD_RUNPATH_SEARCH_PATHS = (
					"$(inherited)",
					"@executable_path/Frameworks",
					"@loader_path/Frameworks",
				);
				PRODUCT_BUNDLE_IDENTIFIER = com.paul.RickAndMortyUITests;
				PRODUCT_NAME = "$(TARGET_NAME)";
				SWIFT_VERSION = 5.0;
				TARGETED_DEVICE_FAMILY = "1,2";
				TEST_TARGET_NAME = RickAndMorty;
			};
			name = Release;
		};
/* End XCBuildConfiguration section */

/* Begin XCConfigurationList section */
		83AF2EFC262F796E00978EB7 /* Build configuration list for PBXProject "RickAndMorty" */ = {
			isa = XCConfigurationList;
			buildConfigurations = (
				83AF2F29262F797000978EB7 /* Debug */,
				83AF2F2A262F797000978EB7 /* Release */,
			);
			defaultConfigurationIsVisible = 0;
			defaultConfigurationName = Release;
		};
		83AF2F2B262F797000978EB7 /* Build configuration list for PBXNativeTarget "RickAndMorty" */ = {
			isa = XCConfigurationList;
			buildConfigurations = (
				83AF2F2C262F797000978EB7 /* Debug */,
				83AF2F2D262F797000978EB7 /* Release */,
			);
			defaultConfigurationIsVisible = 0;
			defaultConfigurationName = Release;
		};
		83AF2F2E262F797000978EB7 /* Build configuration list for PBXNativeTarget "RickAndMortyTests" */ = {
			isa = XCConfigurationList;
			buildConfigurations = (
				83AF2F2F262F797000978EB7 /* Debug */,
				83AF2F30262F797000978EB7 /* Release */,
			);
			defaultConfigurationIsVisible = 0;
			defaultConfigurationName = Release;
		};
		83AF2F31262F797000978EB7 /* Build configuration list for PBXNativeTarget "RickAndMortyUITests" */ = {
			isa = XCConfigurationList;
			buildConfigurations = (
				83AF2F32262F797000978EB7 /* Debug */,
				83AF2F33262F797000978EB7 /* Release */,
			);
			defaultConfigurationIsVisible = 0;
			defaultConfigurationName = Release;
		};
/* End XCConfigurationList section */
	};
	rootObject = 83AF2EF9262F796E00978EB7 /* Project object */;
}
